
Microsoft Visual Studio Solution File, Format Version 12.00
# Visual Studio Version 17
VisualStudioVersion = 17.5.33530.505
MinimumVisualStudioVersion = 10.0.40219.1
Project("{FAE04EC0-301F-11D3-BF4B-00C04F79EFBC}") = "FriendOrganizer.UI", "FriendOrganizer.UI\FriendOrganizer.UI.csproj", "{6986E401-F74A-4744-A55A-D4772163F868}"
EndProject
Project("{FAE04EC0-301F-11D3-BF4B-00C04F79EFBC}") = "FriendOrganizer.DataAccess", "FriendOrganizer.DataAccess\FriendOrganizer.DataAccess.csproj", "{5674CBC0-A169-4408-8399-6F99C18330F8}"
EndProject
Project("{FAE04EC0-301F-11D3-BF4B-00C04F79EFBC}") = "FriendOrganizer.Model", "FriendOrganizer.Model\FriendOrganizer.Model.csproj", "{B08C7F01-F676-4DD3-B36B-C62846A76CCB}"
EndProject
Global
	GlobalSection(SolutionConfigurationPlatforms) = preSolution
		Debug|Any CPU = Debug|Any CPU
		Release|Any CPU = Release|Any CPU
	EndGlobalSection
	GlobalSection(ProjectConfigurationPlatforms) = postSolution
		{6986E401-F74A-4744-A55A-D4772163F868}.Debug|Any CPU.ActiveCfg = Debug|Any CPU
		{6986E401-F74A-4744-A55A-D4772163F868}.Debug|Any CPU.Build.0 = Debug|Any CPU
		{6986E401-F74A-4744-A55A-D4772163F868}.Release|Any CPU.ActiveCfg = Release|Any CPU
		{6986E401-F74A-4744-A55A-D4772163F868}.Release|Any CPU.Build.0 = Release|Any CPU
		{5674CBC0-A169-4408-8399-6F99C18330F8}.Debug|Any CPU.ActiveCfg = Debug|Any CPU
		{5674CBC0-A169-4408-8399-6F99C18330F8}.Debug|Any CPU.Build.0 = Debug|Any CPU
		{5674CBC0-A169-4408-8399-6F99C18330F8}.Release|Any CPU.ActiveCfg = Release|Any CPU
		{5674CBC0-A169-4408-8399-6F99C18330F8}.Release|Any CPU.Build.0 = Release|Any CPU
		{B08C7F01-F676-4DD3-B36B-C62846A76CCB}.Debug|Any CPU.ActiveCfg = Debug|Any CPU
		{B08C7F01-F676-4DD3-B36B-C62846A76CCB}.Debug|Any CPU.Build.0 = Debug|Any CPU
		{B08C7F01-F676-4DD3-B36B-C62846A76CCB}.Release|Any CPU.ActiveCfg = Release|Any CPU
		{B08C7F01-F676-4DD3-B36B-C62846A76CCB}.Release|Any CPU.Build.0 = Release|Any CPU
	EndGlobalSection
	GlobalSection(SolutionProperties) = preSolution
		HideSolutionNode = FALSE
	EndGlobalSection
	GlobalSection(ExtensibilityGlobals) = postSolution
		SolutionGuid = {61B7ED55-08B5-4D19-8991-6EEFCC8A3B40}
	EndGlobalSection
EndGlobal
